
Microsoft Visual Studio Solution File, Format Version 12.00
# Visual Studio Version 16
VisualStudioVersion = 16.0.28803.352
MinimumVisualStudioVersion = 10.0.40219.1
Project("{FAE04EC0-301F-11D3-BF4B-00C04F79EFBC}") = "VSIXShowHidePreviewLabel", "VSIXShowHidePreviewLabel\VSIXShowHidePreviewLabel.csproj", "{B54933CB-2DED-4361-882D-0ADDBED5AA4E}"
EndProject
Global
	GlobalSection(SolutionConfigurationPlatforms) = preSolution
		Debug|Any CPU = Debug|Any CPU
		Release|Any CPU = Release|Any CPU
	EndGlobalSection
	GlobalSection(ProjectConfigurationPlatforms) = postSolution
		{B54933CB-2DED-4361-882D-0ADDBED5AA4E}.Debug|Any CPU.ActiveCfg = Debug|Any CPU
		{B54933CB-2DED-4361-882D-0ADDBED5AA4E}.Debug|Any CPU.Build.0 = Debug|Any CPU
		{B54933CB-2DED-4361-882D-0ADDBED5AA4E}.Release|Any CPU.ActiveCfg = Release|Any CPU
		{B54933CB-2DED-4361-882D-0ADDBED5AA4E}.Release|Any CPU.Build.0 = Release|Any CPU
	EndGlobalSection
	GlobalSection(SolutionProperties) = preSolution
		HideSolutionNode = FALSE
	EndGlobalSection
	GlobalSection(ExtensibilityGlobals) = postSolution
		SolutionGuid = {91B52DAF-FA57-42D4-9A13-14B1CF7E860C}
	EndGlobalSection
EndGlobal
